// !$*UTF8*$!
{
	archiveVersion = 1;
	classes = {
	};
	objectVersion = 50;
	objects = {

/* Begin PBXBuildFile section */
		06312665C1D4E189C8D612CA /* libPods-InDream.a in Frameworks */ = {isa = PBXBuildFile; fileRef = B3B5544948C1ED93CB4754D9 /* libPods-InDream.a */; };
		3D08A61B2137831C00234571 /* IDFillOtherInformationViewController.m in Sources */ = {isa = PBXBuildFile; fileRef = 3D08A61A2137831C00234571 /* IDFillOtherInformationViewController.m */; };
		3D08A61E213785F700234571 /* IDFillInformationViewModel.m in Sources */ = {isa = PBXBuildFile; fileRef = 3D08A61D213785F700234571 /* IDFillInformationViewModel.m */; };
		3D08A62121378CFE00234571 /* IDUserModel.m in Sources */ = {isa = PBXBuildFile; fileRef = 3D08A62021378CFE00234571 /* IDUserModel.m */; };
		3D2E2B50217DADE400FD76CA /* UINavigationItem+XPYSwizzling.m in Sources */ = {isa = PBXBuildFile; fileRef = 3D2E2B4F217DADE400FD76CA /* UINavigationItem+XPYSwizzling.m */; };
		3D2E2B53217DB55100FD76CA /* NSObject+XPYSwizzling.m in Sources */ = {isa = PBXBuildFile; fileRef = 3D2E2B52217DB55100FD76CA /* NSObject+XPYSwizzling.m */; };
		3D58557A2133CE75007CEEF5 /* IDMobileBindViewController.m in Sources */ = {isa = PBXBuildFile; fileRef = 3D5855792133CE75007CEEF5 /* IDMobileBindViewController.m */; };
		3D58557E2133D147007CEEF5 /* IDMainTabBarController.m in Sources */ = {isa = PBXBuildFile; fileRef = 3D58557D2133D147007CEEF5 /* IDMainTabBarController.m */; };
		3D5855832134ECD2007CEEF5 /* IDBindMobileViewModel.m in Sources */ = {isa = PBXBuildFile; fileRef = 3D5855822134ECD2007CEEF5 /* IDBindMobileViewModel.m */; };
		3D58558A21351FB9007CEEF5 /* IDBindCaptchaViewController.m in Sources */ = {isa = PBXBuildFile; fileRef = 3D58558921351FB9007CEEF5 /* IDBindCaptchaViewController.m */; };
		3D58558D21352757007CEEF5 /* IDBindCaptchaViewModel.m in Sources */ = {isa = PBXBuildFile; fileRef = 3D58558C21352757007CEEF5 /* IDBindCaptchaViewModel.m */; };
		3D585590213647A9007CEEF5 /* IDFillInformationViewController.m in Sources */ = {isa = PBXBuildFile; fileRef = 3D58558F213647A9007CEEF5 /* IDFillInformationViewController.m */; };
		3D58559421366F41007CEEF5 /* IDHomepageCommunityViewController.m in Sources */ = {isa = PBXBuildFile; fileRef = 3D58559321366F41007CEEF5 /* IDHomepageCommunityViewController.m */; };
		3D58559621366F6A007CEEF5 /* IDCommunity.storyboard in Resources */ = {isa = PBXBuildFile; fileRef = 3D58559521366F6A007CEEF5 /* IDCommunity.storyboard */; };
		3D5FDEFA2123BCF40086C642 /* AppDelegate.m in Sources */ = {isa = PBXBuildFile; fileRef = 3D5FDEF92123BCF40086C642 /* AppDelegate.m */; };
		3D5FDF022123BCF60086C642 /* Assets.xcassets in Resources */ = {isa = PBXBuildFile; fileRef = 3D5FDF012123BCF60086C642 /* Assets.xcassets */; };
		3D5FDF052123BCF60086C642 /* LaunchScreen.storyboard in Resources */ = {isa = PBXBuildFile; fileRef = 3D5FDF032123BCF60086C642 /* LaunchScreen.storyboard */; };
		3D5FDF082123BCF60086C642 /* main.m in Sources */ = {isa = PBXBuildFile; fileRef = 3D5FDF072123BCF60086C642 /* main.m */; };
		3D5FDF122123BCF60086C642 /* InDreamTests.m in Sources */ = {isa = PBXBuildFile; fileRef = 3D5FDF112123BCF60086C642 /* InDreamTests.m */; };
		3D5FDF1D2123BCF60086C642 /* InDreamUITests.m in Sources */ = {isa = PBXBuildFile; fileRef = 3D5FDF1C2123BCF60086C642 /* InDreamUITests.m */; };
		3D5FDF2C2123C49C0086C642 /* Localizable.strings in Resources */ = {isa = PBXBuildFile; fileRef = 3D5FDF2B2123C49C0086C642 /* Localizable.strings */; };
		3D5FDF36212CFB380086C642 /* XPYBaseModel.m in Sources */ = {isa = PBXBuildFile; fileRef = 3D5FDF35212CFB380086C642 /* XPYBaseModel.m */; };
		3D5FDF39212D481E0086C642 /* XPYHTTPManager.m in Sources */ = {isa = PBXBuildFile; fileRef = 3D5FDF38212D481E0086C642 /* XPYHTTPManager.m */; };
		3D5FDF3C212D567D0086C642 /* XPYBaseRequest.m in Sources */ = {isa = PBXBuildFile; fileRef = 3D5FDF3B212D567D0086C642 /* XPYBaseRequest.m */; };
		3D5FDF42212D5B310086C642 /* XPYCommonDefines.m in Sources */ = {isa = PBXBuildFile; fileRef = 3D5FDF40212D5B300086C642 /* XPYCommonDefines.m */; };
		3D5FDF45212E80FC0086C642 /* IDLogin.storyboard in Resources */ = {isa = PBXBuildFile; fileRef = 3D5FDF44212E80FC0086C642 /* IDLogin.storyboard */; };
		3D5FDF49212E9CD50086C642 /* IDLoginViewController.m in Sources */ = {isa = PBXBuildFile; fileRef = 3D5FDF48212E9CD50086C642 /* IDLoginViewController.m */; };
		3D5FDF4D212EA2C60086C642 /* IDLoginViewModel.m in Sources */ = {isa = PBXBuildFile; fileRef = 3D5FDF4C212EA2C60086C642 /* IDLoginViewModel.m */; };
		3D5FDF51212EB7E30086C642 /* XPYUtilities.m in Sources */ = {isa = PBXBuildFile; fileRef = 3D5FDF50212EB7E30086C642 /* XPYUtilities.m */; };
		3D5FDF54212EBBDD0086C642 /* IDConstant.m in Sources */ = {isa = PBXBuildFile; fileRef = 3D5FDF53212EBBDD0086C642 /* IDConstant.m */; };
		3D5FDF5B212FEEB70086C642 /* AppDelegate+Configurations.m in Sources */ = {isa = PBXBuildFile; fileRef = 3D5FDF5A212FEEB70086C642 /* AppDelegate+Configurations.m */; };
		3D879746217EB412007282C1 /* UIViewController+XPYSwizzling.m in Sources */ = {isa = PBXBuildFile; fileRef = 3D879745217EB412007282C1 /* UIViewController+XPYSwizzling.m */; };
		3D9BBD2521390CED00BABB29 /* IDFillOtherInformationViewModel.m in Sources */ = {isa = PBXBuildFile; fileRef = 3D9BBD2421390CED00BABB29 /* IDFillOtherInformationViewModel.m */; };
		3D9BBD59213E2F8B00BABB29 /* IDCommunityTableHeaderView.m in Sources */ = {isa = PBXBuildFile; fileRef = 3D9BBD58213E2F8B00BABB29 /* IDCommunityTableHeaderView.m */; };
		3D9BBD5C213E604700BABB29 /* IDHotArticlesCell.m in Sources */ = {isa = PBXBuildFile; fileRef = 3D9BBD5B213E604700BABB29 /* IDHotArticlesCell.m */; };
		3D9BBD5F213E60BF00BABB29 /* IDSelectQuestionsCell.m in Sources */ = {isa = PBXBuildFile; fileRef = 3D9BBD5E213E60BF00BABB29 /* IDSelectQuestionsCell.m */; };
		3D9BBD62213E7EDE00BABB29 /* IDCommunityHeaderCollectionViewCell.m in Sources */ = {isa = PBXBuildFile; fileRef = 3D9BBD61213E7EDE00BABB29 /* IDCommunityHeaderCollectionViewCell.m */; };
		3D9BBD65214218BB00BABB29 /* IDPersonal.storyboard in Resources */ = {isa = PBXBuildFile; fileRef = 3D9BBD64214218BB00BABB29 /* IDPersonal.storyboard */; };
		3DE5315C21461B8100E66502 /* IDHomepagePersonalNavigationController.m in Sources */ = {isa = PBXBuildFile; fileRef = 3DE5315B21461B8100E66502 /* IDHomepagePersonalNavigationController.m */; };
		3DE53169214659CB00E66502 /* IDHomepagePersonalViewController.m in Sources */ = {isa = PBXBuildFile; fileRef = 3DE53167214659CB00E66502 /* IDHomepagePersonalViewController.m */; };
		3DE5316C2147664200E66502 /* IDCommunitySearchView.m in Sources */ = {isa = PBXBuildFile; fileRef = 3DE5316B2147664200E66502 /* IDCommunitySearchView.m */; };
		3DE5316F2147A27300E66502 /* IDUserManager.m in Sources */ = {isa = PBXBuildFile; fileRef = 3DE5316E2147A27300E66502 /* IDUserManager.m */; };
		3DE531722147AC9300E66502 /* XPYFileManager.m in Sources */ = {isa = PBXBuildFile; fileRef = 3DE531712147AC9300E66502 /* XPYFileManager.m */; };
		3DE531752148B5CE00E66502 /* IDPersonalHeaderView.m in Sources */ = {isa = PBXBuildFile; fileRef = 3DE531742148B5CE00E66502 /* IDPersonalHeaderView.m */; };
		3DE531782148B82300E66502 /* IDPersonalAdditionButton.m in Sources */ = {isa = PBXBuildFile; fileRef = 3DE531772148B82300E66502 /* IDPersonalAdditionButton.m */; };
		3DE5317B2149FCAD00E66502 /* IDPersonalFunctionsCollectionViewCell.m in Sources */ = {isa = PBXBuildFile; fileRef = 3DE5317A2149FCAD00E66502 /* IDPersonalFunctionsCollectionViewCell.m */; };
		3DE5317E214A4CE200E66502 /* IDPhotoManager.m in Sources */ = {isa = PBXBuildFile; fileRef = 3DE5317D214A4CE200E66502 /* IDPhotoManager.m */; };
/* End PBXBuildFile section */

/* Begin PBXContainerItemProxy section */
		3D5FDF0E2123BCF60086C642 /* PBXContainerItemProxy */ = {
			isa = PBXContainerItemProxy;
			containerPortal = 3D5FDEED2123BCF40086C642 /* Project object */;
			proxyType = 1;
			remoteGlobalIDString = 3D5FDEF42123BCF40086C642;
			remoteInfo = InDream;
		};
		3D5FDF192123BCF60086C642 /* PBXContainerItemProxy */ = {
			isa = PBXContainerItemProxy;
			containerPortal = 3D5FDEED2123BCF40086C642 /* Project object */;
			proxyType = 1;
			remoteGlobalIDString = 3D5FDEF42123BCF40086C642;
			remoteInfo = InDream;
		};
/* End PBXContainerItemProxy section */

/* Begin PBXFileReference section */
		3D08A6192137831C00234571 /* IDFillOtherInformationViewController.h */ = {isa = PBXFileReference; lastKnownFileType = sourcecode.c.h; path = IDFillOtherInformationViewController.h; sourceTree = "<group>"; };
		3D08A61A2137831C00234571 /* IDFillOtherInformationViewController.m */ = {isa = PBXFileReference; lastKnownFileType = sourcecode.c.objc; path = IDFillOtherInformationViewController.m; sourceTree = "<group>"; };
		3D08A61C213785F700234571 /* IDFillInformationViewModel.h */ = {isa = PBXFileReference; lastKnownFileType = sourcecode.c.h; path = IDFillInformationViewModel.h; sourceTree = "<group>"; };
		3D08A61D213785F700234571 /* IDFillInformationViewModel.m */ = {isa = PBXFileReference; lastKnownFileType = sourcecode.c.objc; path = IDFillInformationViewModel.m; sourceTree = "<group>"; };
		3D08A61F21378CFE00234571 /* IDUserModel.h */ = {isa = PBXFileReference; lastKnownFileType = sourcecode.c.h; path = IDUserModel.h; sourceTree = "<group>"; };
		3D08A62021378CFE00234571 /* IDUserModel.m */ = {isa = PBXFileReference; lastKnownFileType = sourcecode.c.objc; path = IDUserModel.m; sourceTree = "<group>"; };
		3D2E2B4E217DADE400FD76CA /* UINavigationItem+XPYSwizzling.h */ = {isa = PBXFileReference; lastKnownFileType = sourcecode.c.h; path = "UINavigationItem+XPYSwizzling.h"; sourceTree = "<group>"; };
		3D2E2B4F217DADE400FD76CA /* UINavigationItem+XPYSwizzling.m */ = {isa = PBXFileReference; lastKnownFileType = sourcecode.c.objc; path = "UINavigationItem+XPYSwizzling.m"; sourceTree = "<group>"; };
		3D2E2B51217DB55100FD76CA /* NSObject+XPYSwizzling.h */ = {isa = PBXFileReference; lastKnownFileType = sourcecode.c.h; path = "NSObject+XPYSwizzling.h"; sourceTree = "<group>"; };
		3D2E2B52217DB55100FD76CA /* NSObject+XPYSwizzling.m */ = {isa = PBXFileReference; lastKnownFileType = sourcecode.c.objc; path = "NSObject+XPYSwizzling.m"; sourceTree = "<group>"; };
		3D5855782133CE75007CEEF5 /* IDMobileBindViewController.h */ = {isa = PBXFileReference; lastKnownFileType = sourcecode.c.h; path = IDMobileBindViewController.h; sourceTree = "<group>"; };
		3D5855792133CE75007CEEF5 /* IDMobileBindViewController.m */ = {isa = PBXFileReference; lastKnownFileType = sourcecode.c.objc; path = IDMobileBindViewController.m; sourceTree = "<group>"; };
		3D58557C2133D147007CEEF5 /* IDMainTabBarController.h */ = {isa = PBXFileReference; lastKnownFileType = sourcecode.c.h; path = IDMainTabBarController.h; sourceTree = "<group>"; };
		3D58557D2133D147007CEEF5 /* IDMainTabBarController.m */ = {isa = PBXFileReference; lastKnownFileType = sourcecode.c.objc; path = IDMainTabBarController.m; sourceTree = "<group>"; };
		3D5855812134ECD2007CEEF5 /* IDBindMobileViewModel.h */ = {isa = PBXFileReference; lastKnownFileType = sourcecode.c.h; path = IDBindMobileViewModel.h; sourceTree = "<group>"; };
		3D5855822134ECD2007CEEF5 /* IDBindMobileViewModel.m */ = {isa = PBXFileReference; lastKnownFileType = sourcecode.c.objc; path = IDBindMobileViewModel.m; sourceTree = "<group>"; };
		3D58558821351FB9007CEEF5 /* IDBindCaptchaViewController.h */ = {isa = PBXFileReference; lastKnownFileType = sourcecode.c.h; path = IDBindCaptchaViewController.h; sourceTree = "<group>"; };
		3D58558921351FB9007CEEF5 /* IDBindCaptchaViewController.m */ = {isa = PBXFileReference; lastKnownFileType = sourcecode.c.objc; path = IDBindCaptchaViewController.m; sourceTree = "<group>"; };
		3D58558B21352757007CEEF5 /* IDBindCaptchaViewModel.h */ = {isa = PBXFileReference; lastKnownFileType = sourcecode.c.h; path = IDBindCaptchaViewModel.h; sourceTree = "<group>"; };
		3D58558C21352757007CEEF5 /* IDBindCaptchaViewModel.m */ = {isa = PBXFileReference; lastKnownFileType = sourcecode.c.objc; path = IDBindCaptchaViewModel.m; sourceTree = "<group>"; };
		3D58558E213647A9007CEEF5 /* IDFillInformationViewController.h */ = {isa = PBXFileReference; lastKnownFileType = sourcecode.c.h; path = IDFillInformationViewController.h; sourceTree = "<group>"; };
		3D58558F213647A9007CEEF5 /* IDFillInformationViewController.m */ = {isa = PBXFileReference; lastKnownFileType = sourcecode.c.objc; path = IDFillInformationViewController.m; sourceTree = "<group>"; };
		3D58559221366F41007CEEF5 /* IDHomepageCommunityViewController.h */ = {isa = PBXFileReference; lastKnownFileType = sourcecode.c.h; path = IDHomepageCommunityViewController.h; sourceTree = "<group>"; };
		3D58559321366F41007CEEF5 /* IDHomepageCommunityViewController.m */ = {isa = PBXFileReference; lastKnownFileType = sourcecode.c.objc; path = IDHomepageCommunityViewController.m; sourceTree = "<group>"; };
		3D58559521366F6A007CEEF5 /* IDCommunity.storyboard */ = {isa = PBXFileReference; lastKnownFileType = file.storyboard; path = IDCommunity.storyboard; sourceTree = "<group>"; };
		3D5FDEF52123BCF40086C642 /* InDream.app */ = {isa = PBXFileReference; explicitFileType = wrapper.application; includeInIndex = 0; path = InDream.app; sourceTree = BUILT_PRODUCTS_DIR; };
		3D5FDEF82123BCF40086C642 /* AppDelegate.h */ = {isa = PBXFileReference; lastKnownFileType = sourcecode.c.h; path = AppDelegate.h; sourceTree = "<group>"; };
		3D5FDEF92123BCF40086C642 /* AppDelegate.m */ = {isa = PBXFileReference; lastKnownFileType = sourcecode.c.objc; path = AppDelegate.m; sourceTree = "<group>"; };
		3D5FDF012123BCF60086C642 /* Assets.xcassets */ = {isa = PBXFileReference; lastKnownFileType = folder.assetcatalog; path = Assets.xcassets; sourceTree = "<group>"; };
		3D5FDF042123BCF60086C642 /* Base */ = {isa = PBXFileReference; lastKnownFileType = file.storyboard; name = Base; path = Base.lproj/LaunchScreen.storyboard; sourceTree = "<group>"; };
		3D5FDF062123BCF60086C642 /* Info.plist */ = {isa = PBXFileReference; lastKnownFileType = text.plist.xml; path = Info.plist; sourceTree = "<group>"; };
		3D5FDF072123BCF60086C642 /* main.m */ = {isa = PBXFileReference; lastKnownFileType = sourcecode.c.objc; path = main.m; sourceTree = "<group>"; };
		3D5FDF0D2123BCF60086C642 /* InDreamTests.xctest */ = {isa = PBXFileReference; explicitFileType = wrapper.cfbundle; includeInIndex = 0; path = InDreamTests.xctest; sourceTree = BUILT_PRODUCTS_DIR; };
		3D5FDF112123BCF60086C642 /* InDreamTests.m */ = {isa = PBXFileReference; lastKnownFileType = sourcecode.c.objc; path = InDreamTests.m; sourceTree = "<group>"; };
		3D5FDF132123BCF60086C642 /* Info.plist */ = {isa = PBXFileReference; lastKnownFileType = text.plist.xml; path = Info.plist; sourceTree = "<group>"; };
		3D5FDF182123BCF60086C642 /* InDreamUITests.xctest */ = {isa = PBXFileReference; explicitFileType = wrapper.cfbundle; includeInIndex = 0; path = InDreamUITests.xctest; sourceTree = BUILT_PRODUCTS_DIR; };
		3D5FDF1C2123BCF60086C642 /* InDreamUITests.m */ = {isa = PBXFileReference; lastKnownFileType = sourcecode.c.objc; path = InDreamUITests.m; sourceTree = "<group>"; };
		3D5FDF1E2123BCF60086C642 /* Info.plist */ = {isa = PBXFileReference; lastKnownFileType = text.plist.xml; path = Info.plist; sourceTree = "<group>"; };
		3D5FDF2B2123C49C0086C642 /* Localizable.strings */ = {isa = PBXFileReference; lastKnownFileType = text.plist.strings; path = Localizable.strings; sourceTree = "<group>"; };
		3D5FDF34212CFB380086C642 /* XPYBaseModel.h */ = {isa = PBXFileReference; lastKnownFileType = sourcecode.c.h; path = XPYBaseModel.h; sourceTree = "<group>"; };
		3D5FDF35212CFB380086C642 /* XPYBaseModel.m */ = {isa = PBXFileReference; lastKnownFileType = sourcecode.c.objc; path = XPYBaseModel.m; sourceTree = "<group>"; };
		3D5FDF37212D481E0086C642 /* XPYHTTPManager.h */ = {isa = PBXFileReference; lastKnownFileType = sourcecode.c.h; path = XPYHTTPManager.h; sourceTree = "<group>"; };
		3D5FDF38212D481E0086C642 /* XPYHTTPManager.m */ = {isa = PBXFileReference; lastKnownFileType = sourcecode.c.objc; path = XPYHTTPManager.m; sourceTree = "<group>"; };
		3D5FDF3A212D567D0086C642 /* XPYBaseRequest.h */ = {isa = PBXFileReference; lastKnownFileType = sourcecode.c.h; path = XPYBaseRequest.h; sourceTree = "<group>"; };
		3D5FDF3B212D567D0086C642 /* XPYBaseRequest.m */ = {isa = PBXFileReference; lastKnownFileType = sourcecode.c.objc; path = XPYBaseRequest.m; sourceTree = "<group>"; };
		3D5FDF40212D5B300086C642 /* XPYCommonDefines.m */ = {isa = PBXFileReference; fileEncoding = 4; lastKnownFileType = sourcecode.c.objc; path = XPYCommonDefines.m; sourceTree = "<group>"; };
		3D5FDF41212D5B310086C642 /* XPYCommonDefines.h */ = {isa = PBXFileReference; fileEncoding = 4; lastKnownFileType = sourcecode.c.h; path = XPYCommonDefines.h; sourceTree = "<group>"; };
		3D5FDF43212D5B780086C642 /* InDream-Prefix.pch */ = {isa = PBXFileReference; lastKnownFileType = sourcecode.c.h; path = "InDream-Prefix.pch"; sourceTree = "<group>"; };
		3D5FDF44212E80FC0086C642 /* IDLogin.storyboard */ = {isa = PBXFileReference; lastKnownFileType = file.storyboard; path = IDLogin.storyboard; sourceTree = "<group>"; };
		3D5FDF47212E9CD50086C642 /* IDLoginViewController.h */ = {isa = PBXFileReference; lastKnownFileType = sourcecode.c.h; path = IDLoginViewController.h; sourceTree = "<group>"; };
		3D5FDF48212E9CD50086C642 /* IDLoginViewController.m */ = {isa = PBXFileReference; lastKnownFileType = sourcecode.c.objc; path = IDLoginViewController.m; sourceTree = "<group>"; };
		3D5FDF4B212EA2C60086C642 /* IDLoginViewModel.h */ = {isa = PBXFileReference; lastKnownFileType = sourcecode.c.h; path = IDLoginViewModel.h; sourceTree = "<group>"; };
		3D5FDF4C212EA2C60086C642 /* IDLoginViewModel.m */ = {isa = PBXFileReference; lastKnownFileType = sourcecode.c.objc; path = IDLoginViewModel.m; sourceTree = "<group>"; };
		3D5FDF4E212EB7E30086C642 /* XPYUtilitiesDefine.h */ = {isa = PBXFileReference; fileEncoding = 4; lastKnownFileType = sourcecode.c.h; path = XPYUtilitiesDefine.h; sourceTree = "<group>"; };
		3D5FDF4F212EB7E30086C642 /* XPYUtilities.h */ = {isa = PBXFileReference; fileEncoding = 4; lastKnownFileType = sourcecode.c.h; path = XPYUtilities.h; sourceTree = "<group>"; };
		3D5FDF50212EB7E30086C642 /* XPYUtilities.m */ = {isa = PBXFileReference; fileEncoding = 4; lastKnownFileType = sourcecode.c.objc; path = XPYUtilities.m; sourceTree = "<group>"; };
		3D5FDF52212EBBDD0086C642 /* IDConstant.h */ = {isa = PBXFileReference; lastKnownFileType = sourcecode.c.h; path = IDConstant.h; sourceTree = "<group>"; };
		3D5FDF53212EBBDD0086C642 /* IDConstant.m */ = {isa = PBXFileReference; lastKnownFileType = sourcecode.c.objc; path = IDConstant.m; sourceTree = "<group>"; };
		3D5FDF59212FEEB70086C642 /* AppDelegate+Configurations.h */ = {isa = PBXFileReference; lastKnownFileType = sourcecode.c.h; path = "AppDelegate+Configurations.h"; sourceTree = "<group>"; };
		3D5FDF5A212FEEB70086C642 /* AppDelegate+Configurations.m */ = {isa = PBXFileReference; lastKnownFileType = sourcecode.c.objc; path = "AppDelegate+Configurations.m"; sourceTree = "<group>"; };
		3D879744217EB412007282C1 /* UIViewController+XPYSwizzling.h */ = {isa = PBXFileReference; lastKnownFileType = sourcecode.c.h; path = "UIViewController+XPYSwizzling.h"; sourceTree = "<group>"; };
		3D879745217EB412007282C1 /* UIViewController+XPYSwizzling.m */ = {isa = PBXFileReference; lastKnownFileType = sourcecode.c.objc; path = "UIViewController+XPYSwizzling.m"; sourceTree = "<group>"; };
		3D9BBD2321390CED00BABB29 /* IDFillOtherInformationViewModel.h */ = {isa = PBXFileReference; lastKnownFileType = sourcecode.c.h; path = IDFillOtherInformationViewModel.h; sourceTree = "<group>"; };
		3D9BBD2421390CED00BABB29 /* IDFillOtherInformationViewModel.m */ = {isa = PBXFileReference; lastKnownFileType = sourcecode.c.objc; path = IDFillOtherInformationViewModel.m; sourceTree = "<group>"; };
		3D9BBD57213E2F8B00BABB29 /* IDCommunityTableHeaderView.h */ = {isa = PBXFileReference; lastKnownFileType = sourcecode.c.h; path = IDCommunityTableHeaderView.h; sourceTree = "<group>"; };
		3D9BBD58213E2F8B00BABB29 /* IDCommunityTableHeaderView.m */ = {isa = PBXFileReference; lastKnownFileType = sourcecode.c.objc; path = IDCommunityTableHeaderView.m; sourceTree = "<group>"; };
		3D9BBD5A213E604700BABB29 /* IDHotArticlesCell.h */ = {isa = PBXFileReference; lastKnownFileType = sourcecode.c.h; path = IDHotArticlesCell.h; sourceTree = "<group>"; };
		3D9BBD5B213E604700BABB29 /* IDHotArticlesCell.m */ = {isa = PBXFileReference; lastKnownFileType = sourcecode.c.objc; path = IDHotArticlesCell.m; sourceTree = "<group>"; };
		3D9BBD5D213E60BF00BABB29 /* IDSelectQuestionsCell.h */ = {isa = PBXFileReference; lastKnownFileType = sourcecode.c.h; path = IDSelectQuestionsCell.h; sourceTree = "<group>"; };
		3D9BBD5E213E60BF00BABB29 /* IDSelectQuestionsCell.m */ = {isa = PBXFileReference; lastKnownFileType = sourcecode.c.objc; path = IDSelectQuestionsCell.m; sourceTree = "<group>"; };
		3D9BBD60213E7EDE00BABB29 /* IDCommunityHeaderCollectionViewCell.h */ = {isa = PBXFileReference; lastKnownFileType = sourcecode.c.h; path = IDCommunityHeaderCollectionViewCell.h; sourceTree = "<group>"; };
		3D9BBD61213E7EDE00BABB29 /* IDCommunityHeaderCollectionViewCell.m */ = {isa = PBXFileReference; lastKnownFileType = sourcecode.c.objc; path = IDCommunityHeaderCollectionViewCell.m; sourceTree = "<group>"; };
		3D9BBD64214218BB00BABB29 /* IDPersonal.storyboard */ = {isa = PBXFileReference; lastKnownFileType = file.storyboard; path = IDPersonal.storyboard; sourceTree = "<group>"; };
		3DE5315A21461B8100E66502 /* IDHomepagePersonalNavigationController.h */ = {isa = PBXFileReference; lastKnownFileType = sourcecode.c.h; path = IDHomepagePersonalNavigationController.h; sourceTree = "<group>"; };
		3DE5315B21461B8100E66502 /* IDHomepagePersonalNavigationController.m */ = {isa = PBXFileReference; lastKnownFileType = sourcecode.c.objc; path = IDHomepagePersonalNavigationController.m; sourceTree = "<group>"; };
		3DE53167214659CB00E66502 /* IDHomepagePersonalViewController.m */ = {isa = PBXFileReference; fileEncoding = 4; lastKnownFileType = sourcecode.c.objc; path = IDHomepagePersonalViewController.m; sourceTree = "<group>"; };
		3DE53168214659CB00E66502 /* IDHomepagePersonalViewController.h */ = {isa = PBXFileReference; fileEncoding = 4; lastKnownFileType = sourcecode.c.h; path = IDHomepagePersonalViewController.h; sourceTree = "<group>"; };
		3DE5316A2147664200E66502 /* IDCommunitySearchView.h */ = {isa = PBXFileReference; lastKnownFileType = sourcecode.c.h; path = IDCommunitySearchView.h; sourceTree = "<group>"; };
		3DE5316B2147664200E66502 /* IDCommunitySearchView.m */ = {isa = PBXFileReference; lastKnownFileType = sourcecode.c.objc; path = IDCommunitySearchView.m; sourceTree = "<group>"; };
		3DE5316D2147A27300E66502 /* IDUserManager.h */ = {isa = PBXFileReference; lastKnownFileType = sourcecode.c.h; path = IDUserManager.h; sourceTree = "<group>"; };
		3DE5316E2147A27300E66502 /* IDUserManager.m */ = {isa = PBXFileReference; lastKnownFileType = sourcecode.c.objc; path = IDUserManager.m; sourceTree = "<group>"; };
		3DE531702147AC9300E66502 /* XPYFileManager.h */ = {isa = PBXFileReference; lastKnownFileType = sourcecode.c.h; path = XPYFileManager.h; sourceTree = "<group>"; };
		3DE531712147AC9300E66502 /* XPYFileManager.m */ = {isa = PBXFileReference; lastKnownFileType = sourcecode.c.objc; path = XPYFileManager.m; sourceTree = "<group>"; };
		3DE531732148B5CE00E66502 /* IDPersonalHeaderView.h */ = {isa = PBXFileReference; lastKnownFileType = sourcecode.c.h; path = IDPersonalHeaderView.h; sourceTree = "<group>"; };
		3DE531742148B5CE00E66502 /* IDPersonalHeaderView.m */ = {isa = PBXFileReference; lastKnownFileType = sourcecode.c.objc; path = IDPersonalHeaderView.m; sourceTree = "<group>"; };
		3DE531762148B82300E66502 /* IDPersonalAdditionButton.h */ = {isa = PBXFileReference; lastKnownFileType = sourcecode.c.h; path = IDPersonalAdditionButton.h; sourceTree = "<group>"; };
		3DE531772148B82300E66502 /* IDPersonalAdditionButton.m */ = {isa = PBXFileReference; lastKnownFileType = sourcecode.c.objc; path = IDPersonalAdditionButton.m; sourceTree = "<group>"; };
		3DE531792149FCAD00E66502 /* IDPersonalFunctionsCollectionViewCell.h */ = {isa = PBXFileReference; lastKnownFileType = sourcecode.c.h; path = IDPersonalFunctionsCollectionViewCell.h; sourceTree = "<group>"; };
		3DE5317A2149FCAD00E66502 /* IDPersonalFunctionsCollectionViewCell.m */ = {isa = PBXFileReference; lastKnownFileType = sourcecode.c.objc; path = IDPersonalFunctionsCollectionViewCell.m; sourceTree = "<group>"; };
		3DE5317C214A4CE200E66502 /* IDPhotoManager.h */ = {isa = PBXFileReference; lastKnownFileType = sourcecode.c.h; path = IDPhotoManager.h; sourceTree = "<group>"; };
		3DE5317D214A4CE200E66502 /* IDPhotoManager.m */ = {isa = PBXFileReference; lastKnownFileType = sourcecode.c.objc; path = IDPhotoManager.m; sourceTree = "<group>"; };
		650D3FE8FF1B768E8945794C /* Pods-InDream.release.xcconfig */ = {isa = PBXFileReference; includeInIndex = 1; lastKnownFileType = text.xcconfig; name = "Pods-InDream.release.xcconfig"; path = "Pods/Target Support Files/Pods-InDream/Pods-InDream.release.xcconfig"; sourceTree = "<group>"; };
		905A930E07443F77AA8D7379 /* Pods-InDream.debug.xcconfig */ = {isa = PBXFileReference; includeInIndex = 1; lastKnownFileType = text.xcconfig; name = "Pods-InDream.debug.xcconfig"; path = "Pods/Target Support Files/Pods-InDream/Pods-InDream.debug.xcconfig"; sourceTree = "<group>"; };
		B3B5544948C1ED93CB4754D9 /* libPods-InDream.a */ = {isa = PBXFileReference; explicitFileType = archive.ar; includeInIndex = 0; path = "libPods-InDream.a"; sourceTree = BUILT_PRODUCTS_DIR; };
/* End PBXFileReference section */

/* Begin PBXFrameworksBuildPhase section */
		3D5FDEF22123BCF40086C642 /* Frameworks */ = {
			isa = PBXFrameworksBuildPhase;
			buildActionMask = 2147483647;
			files = (
				06312665C1D4E189C8D612CA /* libPods-InDream.a in Frameworks */,
			);
			runOnlyForDeploymentPostprocessing = 0;
		};
		3D5FDF0A2123BCF60086C642 /* Frameworks */ = {
			isa = PBXFrameworksBuildPhase;
			buildActionMask = 2147483647;
			files = (
			);
			runOnlyForDeploymentPostprocessing = 0;
		};
		3D5FDF152123BCF60086C642 /* Frameworks */ = {
			isa = PBXFrameworksBuildPhase;
			buildActionMask = 2147483647;
			files = (
			);
			runOnlyForDeploymentPostprocessing = 0;
		};
/* End PBXFrameworksBuildPhase section */

/* Begin PBXGroup section */
		3D2E2B4D217DAD4E00FD76CA /* Category */ = {
			isa = PBXGroup;
			children = (
				3D2E2B51217DB55100FD76CA /* NSObject+XPYSwizzling.h */,
				3D2E2B52217DB55100FD76CA /* NSObject+XPYSwizzling.m */,
				3D2E2B4E217DADE400FD76CA /* UINavigationItem+XPYSwizzling.h */,
				3D2E2B4F217DADE400FD76CA /* UINavigationItem+XPYSwizzling.m */,
				3D879744217EB412007282C1 /* UIViewController+XPYSwizzling.h */,
				3D879745217EB412007282C1 /* UIViewController+XPYSwizzling.m */,
			);
			path = Category;
			sourceTree = "<group>";
		};
		3D58557B2133D08D007CEEF5 /* Main */ = {
			isa = PBXGroup;
			children = (
				3D58557C2133D147007CEEF5 /* IDMainTabBarController.h */,
				3D58557D2133D147007CEEF5 /* IDMainTabBarController.m */,
			);
			path = Main;
			sourceTree = "<group>";
		};
		3D5855842134ECE1007CEEF5 /* Login */ = {
			isa = PBXGroup;
			children = (
				3D5FDF4B212EA2C60086C642 /* IDLoginViewModel.h */,
				3D5FDF4C212EA2C60086C642 /* IDLoginViewModel.m */,
				3D5855812134ECD2007CEEF5 /* IDBindMobileViewModel.h */,
				3D5855822134ECD2007CEEF5 /* IDBindMobileViewModel.m */,
				3D58558B21352757007CEEF5 /* IDBindCaptchaViewModel.h */,
				3D58558C21352757007CEEF5 /* IDBindCaptchaViewModel.m */,
				3D08A61C213785F700234571 /* IDFillInformationViewModel.h */,
				3D08A61D213785F700234571 /* IDFillInformationViewModel.m */,
				3D9BBD2321390CED00BABB29 /* IDFillOtherInformationViewModel.h */,
				3D9BBD2421390CED00BABB29 /* IDFillOtherInformationViewModel.m */,
			);
			path = Login;
			sourceTree = "<group>";
		};
		3D58559121366EBD007CEEF5 /* Community */ = {
			isa = PBXGroup;
			children = (
				3D9BBD56213E2EF900BABB29 /* Views */,
				3D58559221366F41007CEEF5 /* IDHomepageCommunityViewController.h */,
				3D58559321366F41007CEEF5 /* IDHomepageCommunityViewController.m */,
			);
			path = Community;
			sourceTree = "<group>";
		};
		3D5FDEEC2123BCF40086C642 = {
			isa = PBXGroup;
			children = (
				3D5FDEF72123BCF40086C642 /* InDream */,
				3D5FDF102123BCF60086C642 /* InDreamTests */,
				3D5FDF1B2123BCF60086C642 /* InDreamUITests */,
				3D5FDEF62123BCF40086C642 /* Products */,
				E87CFC2821250D750043BBCB /* Pods */,
				C9D0A6BD6E7578C9B107CF7F /* Frameworks */,
			);
			sourceTree = "<group>";
		};
		3D5FDEF62123BCF40086C642 /* Products */ = {
			isa = PBXGroup;
			children = (
				3D5FDEF52123BCF40086C642 /* InDream.app */,
				3D5FDF0D2123BCF60086C642 /* InDreamTests.xctest */,
				3D5FDF182123BCF60086C642 /* InDreamUITests.xctest */,
			);
			name = Products;
			sourceTree = "<group>";
		};
		3D5FDEF72123BCF40086C642 /* InDream */ = {
			isa = PBXGroup;
			children = (
				3D5FDF31212CF5E30086C642 /* Vendor */,
				3D5FDF30212CF5DC0086C642 /* Commons */,
				3D5FDF32212CF7470086C642 /* Manager */,
				3D5FDF2F212CF5CE0086C642 /* Request */,
				3D5FDF2E212CF5C60086C642 /* Models */,
				3D5FDF4A212EA2790086C642 /* ViewModels */,
				3D5FDF2D212CF5580086C642 /* Features */,
				3D5FDF2A2123C0D70086C642 /* Storyboards */,
				3D5FDEF82123BCF40086C642 /* AppDelegate.h */,
				3D5FDEF92123BCF40086C642 /* AppDelegate.m */,
				3D5FDF59212FEEB70086C642 /* AppDelegate+Configurations.h */,
				3D5FDF5A212FEEB70086C642 /* AppDelegate+Configurations.m */,
				3D5FDF012123BCF60086C642 /* Assets.xcassets */,
				3D5FDF062123BCF60086C642 /* Info.plist */,
				3D5FDF072123BCF60086C642 /* main.m */,
				3D5FDF2B2123C49C0086C642 /* Localizable.strings */,
				3D5FDF43212D5B780086C642 /* InDream-Prefix.pch */,
			);
			path = InDream;
			sourceTree = "<group>";
		};
		3D5FDF102123BCF60086C642 /* InDreamTests */ = {
			isa = PBXGroup;
			children = (
				3D5FDF112123BCF60086C642 /* InDreamTests.m */,
				3D5FDF132123BCF60086C642 /* Info.plist */,
			);
			path = InDreamTests;
			sourceTree = "<group>";
		};
		3D5FDF1B2123BCF60086C642 /* InDreamUITests */ = {
			isa = PBXGroup;
			children = (
				3D5FDF1C2123BCF60086C642 /* InDreamUITests.m */,
				3D5FDF1E2123BCF60086C642 /* Info.plist */,
			);
			path = InDreamUITests;
			sourceTree = "<group>";
		};
		3D5FDF2A2123C0D70086C642 /* Storyboards */ = {
			isa = PBXGroup;
			children = (
				3D5FDF032123BCF60086C642 /* LaunchScreen.storyboard */,
				3D5FDF44212E80FC0086C642 /* IDLogin.storyboard */,
				3D58559521366F6A007CEEF5 /* IDCommunity.storyboard */,
				3D9BBD64214218BB00BABB29 /* IDPersonal.storyboard */,
			);
			path = Storyboards;
			sourceTree = "<group>";
		};
		3D5FDF2D212CF5580086C642 /* Features */ = {
			isa = PBXGroup;
			children = (
				3D58557B2133D08D007CEEF5 /* Main */,
				3D5FDF46212E92020086C642 /* Login */,
				3D58559121366EBD007CEEF5 /* Community */,
				3D9BBD63214217E300BABB29 /* Personal */,
			);
			path = Features;
			sourceTree = "<group>";
		};
		3D5FDF2E212CF5C60086C642 /* Models */ = {
			isa = PBXGroup;
			children = (
				3D5FDF34212CFB380086C642 /* XPYBaseModel.h */,
				3D5FDF35212CFB380086C642 /* XPYBaseModel.m */,
				3D08A61F21378CFE00234571 /* IDUserModel.h */,
				3D08A62021378CFE00234571 /* IDUserModel.m */,
			);
			path = Models;
			sourceTree = "<group>";
		};
		3D5FDF2F212CF5CE0086C642 /* Request */ = {
			isa = PBXGroup;
			children = (
				3D5FDF3A212D567D0086C642 /* XPYBaseRequest.h */,
				3D5FDF3B212D567D0086C642 /* XPYBaseRequest.m */,
			);
			path = Request;
			sourceTree = "<group>";
		};
		3D5FDF30212CF5DC0086C642 /* Commons */ = {
			isa = PBXGroup;
			children = (
				3D2E2B4D217DAD4E00FD76CA /* Category */,
				3D5FDF4F212EB7E30086C642 /* XPYUtilities.h */,
				3D5FDF50212EB7E30086C642 /* XPYUtilities.m */,
				3D5FDF4E212EB7E30086C642 /* XPYUtilitiesDefine.h */,
				3D5FDF41212D5B310086C642 /* XPYCommonDefines.h */,
				3D5FDF40212D5B300086C642 /* XPYCommonDefines.m */,
				3D5FDF52212EBBDD0086C642 /* IDConstant.h */,
				3D5FDF53212EBBDD0086C642 /* IDConstant.m */,
			);
			path = Commons;
			sourceTree = "<group>";
		};
		3D5FDF31212CF5E30086C642 /* Vendor */ = {
			isa = PBXGroup;
			children = (
			);
			path = Vendor;
			sourceTree = "<group>";
		};
		3D5FDF32212CF7470086C642 /* Manager */ = {
			isa = PBXGroup;
			children = (
				3D5FDF37212D481E0086C642 /* XPYHTTPManager.h */,
				3D5FDF38212D481E0086C642 /* XPYHTTPManager.m */,
				3DE5316D2147A27300E66502 /* IDUserManager.h */,
				3DE5316E2147A27300E66502 /* IDUserManager.m */,
				3DE531702147AC9300E66502 /* XPYFileManager.h */,
				3DE531712147AC9300E66502 /* XPYFileManager.m */,
				3DE5317C214A4CE200E66502 /* IDPhotoManager.h */,
				3DE5317D214A4CE200E66502 /* IDPhotoManager.m */,
			);
			path = Manager;
			sourceTree = "<group>";
		};
		3D5FDF46212E92020086C642 /* Login */ = {
			isa = PBXGroup;
			children = (
				3D5FDF47212E9CD50086C642 /* IDLoginViewController.h */,
				3D5FDF48212E9CD50086C642 /* IDLoginViewController.m */,
				3D5855782133CE75007CEEF5 /* IDMobileBindViewController.h */,
				3D5855792133CE75007CEEF5 /* IDMobileBindViewController.m */,
				3D58558821351FB9007CEEF5 /* IDBindCaptchaViewController.h */,
				3D58558921351FB9007CEEF5 /* IDBindCaptchaViewController.m */,
				3D58558E213647A9007CEEF5 /* IDFillInformationViewController.h */,
				3D58558F213647A9007CEEF5 /* IDFillInformationViewController.m */,
				3D08A6192137831C00234571 /* IDFillOtherInformationViewController.h */,
				3D08A61A2137831C00234571 /* IDFillOtherInformationViewController.m */,
			);
			path = Login;
			sourceTree = "<group>";
		};
		3D5FDF4A212EA2790086C642 /* ViewModels */ = {
			isa = PBXGroup;
			children = (
				3D5855842134ECE1007CEEF5 /* Login */,
			);
			path = ViewModels;
			sourceTree = "<group>";
		};
		3D9BBD56213E2EF900BABB29 /* Views */ = {
			isa = PBXGroup;
			children = (
				3D9BBD57213E2F8B00BABB29 /* IDCommunityTableHeaderView.h */,
				3D9BBD58213E2F8B00BABB29 /* IDCommunityTableHeaderView.m */,
				3D9BBD60213E7EDE00BABB29 /* IDCommunityHeaderCollectionViewCell.h */,
				3D9BBD61213E7EDE00BABB29 /* IDCommunityHeaderCollectionViewCell.m */,
				3D9BBD5A213E604700BABB29 /* IDHotArticlesCell.h */,
				3D9BBD5B213E604700BABB29 /* IDHotArticlesCell.m */,
				3D9BBD5D213E60BF00BABB29 /* IDSelectQuestionsCell.h */,
				3D9BBD5E213E60BF00BABB29 /* IDSelectQuestionsCell.m */,
				3DE5316A2147664200E66502 /* IDCommunitySearchView.h */,
				3DE5316B2147664200E66502 /* IDCommunitySearchView.m */,
			);
			path = Views;
			sourceTree = "<group>";
		};
		3D9BBD63214217E300BABB29 /* Personal */ = {
			isa = PBXGroup;
			children = (
				3DE5316021464E1900E66502 /* Views */,
				3DE5315A21461B8100E66502 /* IDHomepagePersonalNavigationController.h */,
				3DE5315B21461B8100E66502 /* IDHomepagePersonalNavigationController.m */,
				3DE53168214659CB00E66502 /* IDHomepagePersonalViewController.h */,
				3DE53167214659CB00E66502 /* IDHomepagePersonalViewController.m */,
			);
			path = Personal;
			sourceTree = "<group>";
		};
		3DE5316021464E1900E66502 /* Views */ = {
			isa = PBXGroup;
			children = (
				3DE531732148B5CE00E66502 /* IDPersonalHeaderView.h */,
				3DE531742148B5CE00E66502 /* IDPersonalHeaderView.m */,
				3DE531762148B82300E66502 /* IDPersonalAdditionButton.h */,
				3DE531772148B82300E66502 /* IDPersonalAdditionButton.m */,
				3DE531792149FCAD00E66502 /* IDPersonalFunctionsCollectionViewCell.h */,
				3DE5317A2149FCAD00E66502 /* IDPersonalFunctionsCollectionViewCell.m */,
			);
			path = Views;
			sourceTree = "<group>";
		};
		C9D0A6BD6E7578C9B107CF7F /* Frameworks */ = {
			isa = PBXGroup;
			children = (
				B3B5544948C1ED93CB4754D9 /* libPods-InDream.a */,
			);
			name = Frameworks;
			sourceTree = "<group>";
		};
		E87CFC2821250D750043BBCB /* Pods */ = {
			isa = PBXGroup;
			children = (
				905A930E07443F77AA8D7379 /* Pods-InDream.debug.xcconfig */,
				650D3FE8FF1B768E8945794C /* Pods-InDream.release.xcconfig */,
			);
			name = Pods;
			sourceTree = "<group>";
		};
/* End PBXGroup section */

/* Begin PBXNativeTarget section */
		3D5FDEF42123BCF40086C642 /* InDream */ = {
			isa = PBXNativeTarget;
			buildConfigurationList = 3D5FDF212123BCF60086C642 /* Build configuration list for PBXNativeTarget "InDream" */;
			buildPhases = (
				E247873DA3EE1B5FA30CFC25 /* [CP] Check Pods Manifest.lock */,
				3D5FDEF12123BCF40086C642 /* Sources */,
				3D5FDEF22123BCF40086C642 /* Frameworks */,
				3D5FDEF32123BCF40086C642 /* Resources */,
				B9F619CFF1AC5C5CC896E807 /* [CP] Copy Pods Resources */,
			);
			buildRules = (
			);
			dependencies = (
			);
			name = InDream;
			productName = InDream;
			productReference = 3D5FDEF52123BCF40086C642 /* InDream.app */;
			productType = "com.apple.product-type.application";
		};
		3D5FDF0C2123BCF60086C642 /* InDreamTests */ = {
			isa = PBXNativeTarget;
			buildConfigurationList = 3D5FDF242123BCF60086C642 /* Build configuration list for PBXNativeTarget "InDreamTests" */;
			buildPhases = (
				3D5FDF092123BCF60086C642 /* Sources */,
				3D5FDF0A2123BCF60086C642 /* Frameworks */,
				3D5FDF0B2123BCF60086C642 /* Resources */,
			);
			buildRules = (
			);
			dependencies = (
				3D5FDF0F2123BCF60086C642 /* PBXTargetDependency */,
			);
			name = InDreamTests;
			productName = InDreamTests;
			productReference = 3D5FDF0D2123BCF60086C642 /* InDreamTests.xctest */;
			productType = "com.apple.product-type.bundle.unit-test";
		};
		3D5FDF172123BCF60086C642 /* InDreamUITests */ = {
			isa = PBXNativeTarget;
			buildConfigurationList = 3D5FDF272123BCF60086C642 /* Build configuration list for PBXNativeTarget "InDreamUITests" */;
			buildPhases = (
				3D5FDF142123BCF60086C642 /* Sources */,
				3D5FDF152123BCF60086C642 /* Frameworks */,
				3D5FDF162123BCF60086C642 /* Resources */,
			);
			buildRules = (
			);
			dependencies = (
				3D5FDF1A2123BCF60086C642 /* PBXTargetDependency */,
			);
			name = InDreamUITests;
			productName = InDreamUITests;
			productReference = 3D5FDF182123BCF60086C642 /* InDreamUITests.xctest */;
			productType = "com.apple.product-type.bundle.ui-testing";
		};
/* End PBXNativeTarget section */

/* Begin PBXProject section */
		3D5FDEED2123BCF40086C642 /* Project object */ = {
			isa = PBXProject;
			attributes = {
				LastUpgradeCheck = 0940;
				ORGANIZATIONNAME = "med-vision";
				TargetAttributes = {
					3D5FDEF42123BCF40086C642 = {
						CreatedOnToolsVersion = 9.4.1;
					};
					3D5FDF0C2123BCF60086C642 = {
						CreatedOnToolsVersion = 9.4.1;
						TestTargetID = 3D5FDEF42123BCF40086C642;
					};
					3D5FDF172123BCF60086C642 = {
						CreatedOnToolsVersion = 9.4.1;
						TestTargetID = 3D5FDEF42123BCF40086C642;
					};
				};
			};
			buildConfigurationList = 3D5FDEF02123BCF40086C642 /* Build configuration list for PBXProject "InDream" */;
			compatibilityVersion = "Xcode 9.3";
			developmentRegion = en;
			hasScannedForEncodings = 0;
			knownRegions = (
				en,
				Base,
			);
			mainGroup = 3D5FDEEC2123BCF40086C642;
			productRefGroup = 3D5FDEF62123BCF40086C642 /* Products */;
			projectDirPath = "";
			projectRoot = "";
			targets = (
				3D5FDEF42123BCF40086C642 /* InDream */,
				3D5FDF0C2123BCF60086C642 /* InDreamTests */,
				3D5FDF172123BCF60086C642 /* InDreamUITests */,
			);
		};
/* End PBXProject section */

/* Begin PBXResourcesBuildPhase section */
		3D5FDEF32123BCF40086C642 /* Resources */ = {
			isa = PBXResourcesBuildPhase;
			buildActionMask = 2147483647;
			files = (
				3D5FDF052123BCF60086C642 /* LaunchScreen.storyboard in Resources */,
				3D58559621366F6A007CEEF5 /* IDCommunity.storyboard in Resources */,
				3D5FDF2C2123C49C0086C642 /* Localizable.strings in Resources */,
				3D9BBD65214218BB00BABB29 /* IDPersonal.storyboard in Resources */,
				3D5FDF022123BCF60086C642 /* Assets.xcassets in Resources */,
				3D5FDF45212E80FC0086C642 /* IDLogin.storyboard in Resources */,
			);
			runOnlyForDeploymentPostprocessing = 0;
		};
		3D5FDF0B2123BCF60086C642 /* Resources */ = {
			isa = PBXResourcesBuildPhase;
			buildActionMask = 2147483647;
			files = (
			);
			runOnlyForDeploymentPostprocessing = 0;
		};
		3D5FDF162123BCF60086C642 /* Resources */ = {
			isa = PBXResourcesBuildPhase;
			buildActionMask = 2147483647;
			files = (
			);
			runOnlyForDeploymentPostprocessing = 0;
		};
/* End PBXResourcesBuildPhase section */

/* Begin PBXShellScriptBuildPhase section */
		B9F619CFF1AC5C5CC896E807 /* [CP] Copy Pods Resources */ = {
			isa = PBXShellScriptBuildPhase;
			buildActionMask = 2147483647;
			files = (
			);
			inputPaths = (
				"${SRCROOT}/Pods/Target Support Files/Pods-InDream/Pods-InDream-resources.sh",
				"${PODS_ROOT}/IQKeyboardManager/IQKeyboardManager/Resources/IQKeyboardManager.bundle",
				"${PODS_ROOT}/MJRefresh/MJRefresh/MJRefresh.bundle",
				"${PODS_ROOT}/TZImagePickerController/TZImagePickerController/TZImagePickerController/TZImagePickerController.bundle",
			);
			name = "[CP] Copy Pods Resources";
			outputPaths = (
				"${TARGET_BUILD_DIR}/${UNLOCALIZED_RESOURCES_FOLDER_PATH}/IQKeyboardManager.bundle",
				"${TARGET_BUILD_DIR}/${UNLOCALIZED_RESOURCES_FOLDER_PATH}/MJRefresh.bundle",
				"${TARGET_BUILD_DIR}/${UNLOCALIZED_RESOURCES_FOLDER_PATH}/TZImagePickerController.bundle",
			);
			runOnlyForDeploymentPostprocessing = 0;
			shellPath = /bin/sh;
			shellScript = "\"${SRCROOT}/Pods/Target Support Files/Pods-InDream/Pods-InDream-resources.sh\"\n";
			showEnvVarsInLog = 0;
		};
		E247873DA3EE1B5FA30CFC25 /* [CP] Check Pods Manifest.lock */ = {
			isa = PBXShellScriptBuildPhase;
			buildActionMask = 2147483647;
			files = (
			);
			inputPaths = (
				"${PODS_PODFILE_DIR_PATH}/Podfile.lock",
				"${PODS_ROOT}/Manifest.lock",
			);
			name = "[CP] Check Pods Manifest.lock";
			outputPaths = (
				"$(DERIVED_FILE_DIR)/Pods-InDream-checkManifestLockResult.txt",
			);
			runOnlyForDeploymentPostprocessing = 0;
			shellPath = /bin/sh;
			shellScript = "diff \"${PODS_PODFILE_DIR_PATH}/Podfile.lock\" \"${PODS_ROOT}/Manifest.lock\" > /dev/null\nif [ $? != 0 ] ; then\n    # print error to STDERR\n    echo \"error: The sandbox is not in sync with the Podfile.lock. Run 'pod install' or update your CocoaPods installation.\" >&2\n    exit 1\nfi\n# This output is used by Xcode 'outputs' to avoid re-running this script phase.\necho \"SUCCESS\" > \"${SCRIPT_OUTPUT_FILE_0}\"\n";
			showEnvVarsInLog = 0;
		};
/* End PBXShellScriptBuildPhase section */

/* Begin PBXSourcesBuildPhase section */
		3D5FDEF12123BCF40086C642 /* Sources */ = {
			isa = PBXSourcesBuildPhase;
			buildActionMask = 2147483647;
			files = (
				3DE531722147AC9300E66502 /* XPYFileManager.m in Sources */,
				3D08A61B2137831C00234571 /* IDFillOtherInformationViewController.m in Sources */,
				3D5FDF51212EB7E30086C642 /* XPYUtilities.m in Sources */,
				3D5FDF3C212D567D0086C642 /* XPYBaseRequest.m in Sources */,
				3D2E2B50217DADE400FD76CA /* UINavigationItem+XPYSwizzling.m in Sources */,
				3D9BBD5F213E60BF00BABB29 /* IDSelectQuestionsCell.m in Sources */,
				3D5FDF5B212FEEB70086C642 /* AppDelegate+Configurations.m in Sources */,
				3DE531752148B5CE00E66502 /* IDPersonalHeaderView.m in Sources */,
				3D08A62121378CFE00234571 /* IDUserModel.m in Sources */,
				3D9BBD5C213E604700BABB29 /* IDHotArticlesCell.m in Sources */,
				3D58559421366F41007CEEF5 /* IDHomepageCommunityViewController.m in Sources */,
				3D9BBD62213E7EDE00BABB29 /* IDCommunityHeaderCollectionViewCell.m in Sources */,
				3D08A61E213785F700234571 /* IDFillInformationViewModel.m in Sources */,
				3D58558A21351FB9007CEEF5 /* IDBindCaptchaViewController.m in Sources */,
				3D5855832134ECD2007CEEF5 /* IDBindMobileViewModel.m in Sources */,
				3D58557A2133CE75007CEEF5 /* IDMobileBindViewController.m in Sources */,
				3DE5315C21461B8100E66502 /* IDHomepagePersonalNavigationController.m in Sources */,
				3D5FDF39212D481E0086C642 /* XPYHTTPManager.m in Sources */,
				3D5FDF082123BCF60086C642 /* main.m in Sources */,
				3D5FDF4D212EA2C60086C642 /* IDLoginViewModel.m in Sources */,
				3DE53169214659CB00E66502 /* IDHomepagePersonalViewController.m in Sources */,
				3DE5317E214A4CE200E66502 /* IDPhotoManager.m in Sources */,
				3D2E2B53217DB55100FD76CA /* NSObject+XPYSwizzling.m in Sources */,
				3D5FDF54212EBBDD0086C642 /* IDConstant.m in Sources */,
				3DE5317B2149FCAD00E66502 /* IDPersonalFunctionsCollectionViewCell.m in Sources */,
				3D9BBD2521390CED00BABB29 /* IDFillOtherInformationViewModel.m in Sources */,
				3D585590213647A9007CEEF5 /* IDFillInformationViewController.m in Sources */,
				3DE5316F2147A27300E66502 /* IDUserManager.m in Sources */,
				3D5FDF36212CFB380086C642 /* XPYBaseModel.m in Sources */,
				3D5FDF42212D5B310086C642 /* XPYCommonDefines.m in Sources */,
				3D5FDEFA2123BCF40086C642 /* AppDelegate.m in Sources */,
				3D58558D21352757007CEEF5 /* IDBindCaptchaViewModel.m in Sources */,
				3DE5316C2147664200E66502 /* IDCommunitySearchView.m in Sources */,
				3DE531782148B82300E66502 /* IDPersonalAdditionButton.m in Sources */,
				3D879746217EB412007282C1 /* UIViewController+XPYSwizzling.m in Sources */,
				3D9BBD59213E2F8B00BABB29 /* IDCommunityTableHeaderView.m in Sources */,
				3D5FDF49212E9CD50086C642 /* IDLoginViewController.m in Sources */,
				3D58557E2133D147007CEEF5 /* IDMainTabBarController.m in Sources */,
			);
			runOnlyForDeploymentPostprocessing = 0;
		};
		3D5FDF092123BCF60086C642 /* Sources */ = {
			isa = PBXSourcesBuildPhase;
			buildActionMask = 2147483647;
			files = (
				3D5FDF122123BCF60086C642 /* InDreamTests.m in Sources */,
			);
			runOnlyForDeploymentPostprocessing = 0;
		};
		3D5FDF142123BCF60086C642 /* Sources */ = {
			isa = PBXSourcesBuildPhase;
			buildActionMask = 2147483647;
			files = (
				3D5FDF1D2123BCF60086C642 /* InDreamUITests.m in Sources */,
			);
			runOnlyForDeploymentPostprocessing = 0;
		};
/* End PBXSourcesBuildPhase section */

/* Begin PBXTargetDependency section */
		3D5FDF0F2123BCF60086C642 /* PBXTargetDependency */ = {
			isa = PBXTargetDependency;
			target = 3D5FDEF42123BCF40086C642 /* InDream */;
			targetProxy = 3D5FDF0E2123BCF60086C642 /* PBXContainerItemProxy */;
		};
		3D5FDF1A2123BCF60086C642 /* PBXTargetDependency */ = {
			isa = PBXTargetDependency;
			target = 3D5FDEF42123BCF40086C642 /* InDream */;
			targetProxy = 3D5FDF192123BCF60086C642 /* PBXContainerItemProxy */;
		};
/* End PBXTargetDependency section */

/* Begin PBXVariantGroup section */
		3D5FDF032123BCF60086C642 /* LaunchScreen.storyboard */ = {
			isa = PBXVariantGroup;
			children = (
				3D5FDF042123BCF60086C642 /* Base */,
			);
			name = LaunchScreen.storyboard;
			sourceTree = "<group>";
		};
/* End PBXVariantGroup section */

/* Begin XCBuildConfiguration section */
		3D5FDF1F2123BCF60086C642 /* Debug */ = {
			isa = XCBuildConfiguration;
			buildSettings = {
				ALWAYS_SEARCH_USER_PATHS = NO;
				CLANG_ANALYZER_NONNULL = YES;
				CLANG_ANALYZER_NUMBER_OBJECT_CONVERSION = YES_AGGRESSIVE;
				CLANG_CXX_LANGUAGE_STANDARD = "gnu++14";
				CLANG_CXX_LIBRARY = "libc++";
				CLANG_ENABLE_MODULES = YES;
				CLANG_ENABLE_OBJC_ARC = YES;
				CLANG_ENABLE_OBJC_WEAK = YES;
				CLANG_WARN_BLOCK_CAPTURE_AUTORELEASING = YES;
				CLANG_WARN_BOOL_CONVERSION = YES;
				CLANG_WARN_COMMA = YES;
				CLANG_WARN_CONSTANT_CONVERSION = YES;
				CLANG_WARN_DEPRECATED_OBJC_IMPLEMENTATIONS = YES;
				CLANG_WARN_DIRECT_OBJC_ISA_USAGE = YES_ERROR;
				CLANG_WARN_DOCUMENTATION_COMMENTS = YES;
				CLANG_WARN_EMPTY_BODY = YES;
				CLANG_WARN_ENUM_CONVERSION = YES;
				CLANG_WARN_INFINITE_RECURSION = YES;
				CLANG_WARN_INT_CONVERSION = YES;
				CLANG_WARN_NON_LITERAL_NULL_CONVERSION = YES;
				CLANG_WARN_OBJC_IMPLICIT_RETAIN_SELF = YES;
				CLANG_WARN_OBJC_LITERAL_CONVERSION = YES;
				CLANG_WARN_OBJC_ROOT_CLASS = YES_ERROR;
				CLANG_WARN_RANGE_LOOP_ANALYSIS = YES;
				CLANG_WARN_STRICT_PROTOTYPES = YES;
				CLANG_WARN_SUSPICIOUS_MOVE = YES;
				CLANG_WARN_UNGUARDED_AVAILABILITY = YES_AGGRESSIVE;
				CLANG_WARN_UNREACHABLE_CODE = YES;
				CLANG_WARN__DUPLICATE_METHOD_MATCH = YES;
				CODE_SIGN_IDENTITY = "iPhone Developer";
				COPY_PHASE_STRIP = NO;
				DEBUG_INFORMATION_FORMAT = dwarf;
				ENABLE_STRICT_OBJC_MSGSEND = YES;
				ENABLE_TESTABILITY = YES;
				GCC_C_LANGUAGE_STANDARD = gnu11;
				GCC_DYNAMIC_NO_PIC = NO;
				GCC_NO_COMMON_BLOCKS = YES;
				GCC_OPTIMIZATION_LEVEL = 0;
				GCC_PREPROCESSOR_DEFINITIONS = (
					"DEBUG=1",
					"$(inherited)",
				);
				GCC_WARN_64_TO_32_BIT_CONVERSION = YES;
				GCC_WARN_ABOUT_RETURN_TYPE = YES_ERROR;
				GCC_WARN_UNDECLARED_SELECTOR = YES;
				GCC_WARN_UNINITIALIZED_AUTOS = YES_AGGRESSIVE;
				GCC_WARN_UNUSED_FUNCTION = YES;
				GCC_WARN_UNUSED_VARIABLE = YES;
				IPHONEOS_DEPLOYMENT_TARGET = 11.4;
				MTL_ENABLE_DEBUG_INFO = YES;
				ONLY_ACTIVE_ARCH = YES;
				SDKROOT = iphoneos;
			};
			name = Debug;
		};
		3D5FDF202123BCF60086C642 /* Release */ = {
			isa = XCBuildConfiguration;
			buildSettings = {
				ALWAYS_SEARCH_USER_PATHS = NO;
				CLANG_ANALYZER_NONNULL = YES;
				CLANG_ANALYZER_NUMBER_OBJECT_CONVERSION = YES_AGGRESSIVE;
				CLANG_CXX_LANGUAGE_STANDARD = "gnu++14";
				CLANG_CXX_LIBRARY = "libc++";
				CLANG_ENABLE_MODULES = YES;
				CLANG_ENABLE_OBJC_ARC = YES;
				CLANG_ENABLE_OBJC_WEAK = YES;
				CLANG_WARN_BLOCK_CAPTURE_AUTORELEASING = YES;
				CLANG_WARN_BOOL_CONVERSION = YES;
				CLANG_WARN_COMMA = YES;
				CLANG_WARN_CONSTANT_CONVERSION = YES;
				CLANG_WARN_DEPRECATED_OBJC_IMPLEMENTATIONS = YES;
				CLANG_WARN_DIRECT_OBJC_ISA_USAGE = YES_ERROR;
				CLANG_WARN_DOCUMENTATION_COMMENTS = YES;
				CLANG_WARN_EMPTY_BODY = YES;
				CLANG_WARN_ENUM_CONVERSION = YES;
				CLANG_WARN_INFINITE_RECURSION = YES;
				CLANG_WARN_INT_CONVERSION = YES;
				CLANG_WARN_NON_LITERAL_NULL_CONVERSION = YES;
				CLANG_WARN_OBJC_IMPLICIT_RETAIN_SELF = YES;
				CLANG_WARN_OBJC_LITERAL_CONVERSION = YES;
				CLANG_WARN_OBJC_ROOT_CLASS = YES_ERROR;
				CLANG_WARN_RANGE_LOOP_ANALYSIS = YES;
				CLANG_WARN_STRICT_PROTOTYPES = YES;
				CLANG_WARN_SUSPICIOUS_MOVE = YES;
				CLANG_WARN_UNGUARDED_AVAILABILITY = YES_AGGRESSIVE;
				CLANG_WARN_UNREACHABLE_CODE = YES;
				CLANG_WARN__DUPLICATE_METHOD_MATCH = YES;
				CODE_SIGN_IDENTITY = "iPhone Developer";
				COPY_PHASE_STRIP = NO;
				DEBUG_INFORMATION_FORMAT = "dwarf-with-dsym";
				ENABLE_NS_ASSERTIONS = NO;
				ENABLE_STRICT_OBJC_MSGSEND = YES;
				GCC_C_LANGUAGE_STANDARD = gnu11;
				GCC_NO_COMMON_BLOCKS = YES;
				GCC_WARN_64_TO_32_BIT_CONVERSION = YES;
				GCC_WARN_ABOUT_RETURN_TYPE = YES_ERROR;
				GCC_WARN_UNDECLARED_SELECTOR = YES;
				GCC_WARN_UNINITIALIZED_AUTOS = YES_AGGRESSIVE;
				GCC_WARN_UNUSED_FUNCTION = YES;
				GCC_WARN_UNUSED_VARIABLE = YES;
				IPHONEOS_DEPLOYMENT_TARGET = 11.4;
				MTL_ENABLE_DEBUG_INFO = NO;
				SDKROOT = iphoneos;
				VALIDATE_PRODUCT = YES;
			};
			name = Release;
		};
		3D5FDF222123BCF60086C642 /* Debug */ = {
			isa = XCBuildConfiguration;
			baseConfigurationReference = 905A930E07443F77AA8D7379 /* Pods-InDream.debug.xcconfig */;
			buildSettings = {
				ASSETCATALOG_COMPILER_APPICON_NAME = AppIcon;
				CODE_SIGN_STYLE = Automatic;
				DEVELOPMENT_TEAM = NU4X48R8LQ;
				GCC_PRECOMPILE_PREFIX_HEADER = YES;
				GCC_PREFIX_HEADER = "$(SRCROOT)/InDream/InDream-Prefix.pch";
				INFOPLIST_FILE = InDream/Info.plist;
				IPHONEOS_DEPLOYMENT_TARGET = 8.2;
				LD_RUNPATH_SEARCH_PATHS = (
					"$(inherited)",
					"@executable_path/Frameworks",
				);
				PRODUCT_BUNDLE_IDENTIFIER = com.medvision.InDream;
				PRODUCT_NAME = "$(TARGET_NAME)";
				TARGETED_DEVICE_FAMILY = "1,2";
			};
			name = Debug;
		};
		3D5FDF232123BCF60086C642 /* Release */ = {
			isa = XCBuildConfiguration;
			baseConfigurationReference = 650D3FE8FF1B768E8945794C /* Pods-InDream.release.xcconfig */;
			buildSettings = {
				ASSETCATALOG_COMPILER_APPICON_NAME = AppIcon;
				CODE_SIGN_STYLE = Automatic;
				DEVELOPMENT_TEAM = NU4X48R8LQ;
				GCC_PRECOMPILE_PREFIX_HEADER = YES;
				GCC_PREFIX_HEADER = "$(SRCROOT)/InDream/InDream-Prefix.pch";
				INFOPLIST_FILE = InDream/Info.plist;
				IPHONEOS_DEPLOYMENT_TARGET = 8.2;
				LD_RUNPATH_SEARCH_PATHS = (
					"$(inherited)",
					"@executable_path/Frameworks",
				);
				PRODUCT_BUNDLE_IDENTIFIER = com.medvision.InDream;
				PRODUCT_NAME = "$(TARGET_NAME)";
				TARGETED_DEVICE_FAMILY = "1,2";
			};
			name = Release;
		};
		3D5FDF252123BCF60086C642 /* Debug */ = {
			isa = XCBuildConfiguration;
			buildSettings = {
				BUNDLE_LOADER = "$(TEST_HOST)";
				CODE_SIGN_STYLE = Automatic;
				DEVELOPMENT_TEAM = NU4X48R8LQ;
				INFOPLIST_FILE = InDreamTests/Info.plist;
				LD_RUNPATH_SEARCH_PATHS = (
					"$(inherited)",
					"@executable_path/Frameworks",
					"@loader_path/Frameworks",
				);
				PRODUCT_BUNDLE_IDENTIFIER = com.medvision.InDreamTests;
				PRODUCT_NAME = "$(TARGET_NAME)";
				TARGETED_DEVICE_FAMILY = "1,2";
				TEST_HOST = "$(BUILT_PRODUCTS_DIR)/InDream.app/InDream";
			};
			name = Debug;
		};
		3D5FDF262123BCF60086C642 /* Release */ = {
			isa = XCBuildConfiguration;
			buildSettings = {
				BUNDLE_LOADER = "$(TEST_HOST)";
				CODE_SIGN_STYLE = Automatic;
				DEVELOPMENT_TEAM = NU4X48R8LQ;
				INFOPLIST_FILE = InDreamTests/Info.plist;
				LD_RUNPATH_SEARCH_PATHS = (
					"$(inherited)",
					"@executable_path/Frameworks",
					"@loader_path/Frameworks",
				);
				PRODUCT_BUNDLE_IDENTIFIER = com.medvision.InDreamTests;
				PRODUCT_NAME = "$(TARGET_NAME)";
				TARGETED_DEVICE_FAMILY = "1,2";
				TEST_HOST = "$(BUILT_PRODUCTS_DIR)/InDream.app/InDream";
			};
			name = Release;
		};
		3D5FDF282123BCF60086C642 /* Debug */ = {
			isa = XCBuildConfiguration;
			buildSettings = {
				CODE_SIGN_STYLE = Automatic;
				DEVELOPMENT_TEAM = NU4X48R8LQ;
				INFOPLIST_FILE = InDreamUITests/Info.plist;
				LD_RUNPATH_SEARCH_PATHS = (
					"$(inherited)",
					"@executable_path/Frameworks",
					"@loader_path/Frameworks",
				);
				PRODUCT_BUNDLE_IDENTIFIER = com.medvision.InDreamUITests;
				PRODUCT_NAME = "$(TARGET_NAME)";
				TARGETED_DEVICE_FAMILY = "1,2";
				TEST_TARGET_NAME = InDream;
			};
			name = Debug;
		};
		3D5FDF292123BCF60086C642 /* Release */ = {
			isa = XCBuildConfiguration;
			buildSettings = {
				CODE_SIGN_STYLE = Automatic;
				DEVELOPMENT_TEAM = NU4X48R8LQ;
				INFOPLIST_FILE = InDreamUITests/Info.plist;
				LD_RUNPATH_SEARCH_PATHS = (
					"$(inherited)",
					"@executable_path/Frameworks",
					"@loader_path/Frameworks",
				);
				PRODUCT_BUNDLE_IDENTIFIER = com.medvision.InDreamUITests;
				PRODUCT_NAME = "$(TARGET_NAME)";
				TARGETED_DEVICE_FAMILY = "1,2";
				TEST_TARGET_NAME = InDream;
			};
			name = Release;
		};
/* End XCBuildConfiguration section */

/* Begin XCConfigurationList section */
		3D5FDEF02123BCF40086C642 /* Build configuration list for PBXProject "InDream" */ = {
			isa = XCConfigurationList;
			buildConfigurations = (
				3D5FDF1F2123BCF60086C642 /* Debug */,
				3D5FDF202123BCF60086C642 /* Release */,
			);
			defaultConfigurationIsVisible = 0;
			defaultConfigurationName = Release;
		};
		3D5FDF212123BCF60086C642 /* Build configuration list for PBXNativeTarget "InDream" */ = {
			isa = XCConfigurationList;
			buildConfigurations = (
				3D5FDF222123BCF60086C642 /* Debug */,
				3D5FDF232123BCF60086C642 /* Release */,
			);
			defaultConfigurationIsVisible = 0;
			defaultConfigurationName = Release;
		};
		3D5FDF242123BCF60086C642 /* Build configuration list for PBXNativeTarget "InDreamTests" */ = {
			isa = XCConfigurationList;
			buildConfigurations = (
				3D5FDF252123BCF60086C642 /* Debug */,
				3D5FDF262123BCF60086C642 /* Release */,
			);
			defaultConfigurationIsVisible = 0;
			defaultConfigurationName = Release;
		};
		3D5FDF272123BCF60086C642 /* Build configuration list for PBXNativeTarget "InDreamUITests" */ = {
			isa = XCConfigurationList;
			buildConfigurations = (
				3D5FDF282123BCF60086C642 /* Debug */,
				3D5FDF292123BCF60086C642 /* Release */,
			);
			defaultConfigurationIsVisible = 0;
			defaultConfigurationName = Release;
		};
/* End XCConfigurationList section */
	};
	rootObject = 3D5FDEED2123BCF40086C642 /* Project object */;
}
